
Microsoft Visual Studio Solution File, Format Version 12.00
# Visual Studio Version 17
VisualStudioVersion = 17.3.32929.385
MinimumVisualStudioVersion = 10.0.40219.1
Project("{FAE04EC0-301F-11D3-BF4B-00C04F79EFBC}") = "mcs-productus", "mcs-productus\mcs-productus.csproj", "{A8152183-8DF9-45CF-A835-F3ADE4160CA3}"
EndProject
Project("{FAE04EC0-301F-11D3-BF4B-00C04F79EFBC}") = "App.AccesoData", "App.AccesoData\App.AccesoData.csproj", "{9B08BFFE-B5A4-4A85-9153-885CD14D5243}"
EndProject
Project("{FAE04EC0-301F-11D3-BF4B-00C04F79EFBC}") = "App.Dominio", "App.Dominio\App.Dominio.csproj", "{3904468A-85F8-4CDF-AE8E-A3DAA49366DF}"
EndProject
Project("{FAE04EC0-301F-11D3-BF4B-00C04F79EFBC}") = "App.Transversal", "App.Transversal\App.Transversal.csproj", "{1BD82EF1-1FAD-4273-BDE5-EBDEBEC6F2E9}"
EndProject
Global
	GlobalSection(SolutionConfigurationPlatforms) = preSolution
		Debug|Any CPU = Debug|Any CPU
		Release|Any CPU = Release|Any CPU
	EndGlobalSection
	GlobalSection(ProjectConfigurationPlatforms) = postSolution
		{A8152183-8DF9-45CF-A835-F3ADE4160CA3}.Debug|Any CPU.ActiveCfg = Debug|Any CPU
		{A8152183-8DF9-45CF-A835-F3ADE4160CA3}.Debug|Any CPU.Build.0 = Debug|Any CPU
		{A8152183-8DF9-45CF-A835-F3ADE4160CA3}.Release|Any CPU.ActiveCfg = Release|Any CPU
		{A8152183-8DF9-45CF-A835-F3ADE4160CA3}.Release|Any CPU.Build.0 = Release|Any CPU
		{9B08BFFE-B5A4-4A85-9153-885CD14D5243}.Debug|Any CPU.ActiveCfg = Debug|Any CPU
		{9B08BFFE-B5A4-4A85-9153-885CD14D5243}.Debug|Any CPU.Build.0 = Debug|Any CPU
		{9B08BFFE-B5A4-4A85-9153-885CD14D5243}.Release|Any CPU.ActiveCfg = Release|Any CPU
		{9B08BFFE-B5A4-4A85-9153-885CD14D5243}.Release|Any CPU.Build.0 = Release|Any CPU
		{3904468A-85F8-4CDF-AE8E-A3DAA49366DF}.Debug|Any CPU.ActiveCfg = Debug|Any CPU
		{3904468A-85F8-4CDF-AE8E-A3DAA49366DF}.Debug|Any CPU.Build.0 = Debug|Any CPU
		{3904468A-85F8-4CDF-AE8E-A3DAA49366DF}.Release|Any CPU.ActiveCfg = Release|Any CPU
		{3904468A-85F8-4CDF-AE8E-A3DAA49366DF}.Release|Any CPU.Build.0 = Release|Any CPU
		{1BD82EF1-1FAD-4273-BDE5-EBDEBEC6F2E9}.Debug|Any CPU.ActiveCfg = Debug|Any CPU
		{1BD82EF1-1FAD-4273-BDE5-EBDEBEC6F2E9}.Debug|Any CPU.Build.0 = Debug|Any CPU
		{1BD82EF1-1FAD-4273-BDE5-EBDEBEC6F2E9}.Release|Any CPU.ActiveCfg = Release|Any CPU
		{1BD82EF1-1FAD-4273-BDE5-EBDEBEC6F2E9}.Release|Any CPU.Build.0 = Release|Any CPU
	EndGlobalSection
	GlobalSection(SolutionProperties) = preSolution
		HideSolutionNode = FALSE
	EndGlobalSection
	GlobalSection(ExtensibilityGlobals) = postSolution
		SolutionGuid = {2DB4B7A6-9622-47C5-854C-C9A736AC9FC1}
	EndGlobalSection
EndGlobal
